
Microsoft Visual Studio Solution File, Format Version 12.00
# Visual Studio Version 17
VisualStudioVersion = 17.9.34728.123
MinimumVisualStudioVersion = 10.0.40219.1
Project("{FAE04EC0-301F-11D3-BF4B-00C04F79EFBC}") = "Circles", "Circles\Circles.csproj", "{CD5927C7-6FDC-4943-9683-F1055E0643C3}"
EndProject
Project("{FAE04EC0-301F-11D3-BF4B-00C04F79EFBC}") = "HelloUser", "HelloUser\HelloUser.csproj", "{32FC2074-F5DC-47CC-8F66-1FC72DF66DAB}"
EndProject
Project("{9A19103F-16F7-4668-BE54-9A1E7A4F7556}") = "Password", "Password\Password.csproj", "{B0F4DC2C-70C3-45B3-A7EA-DEB83A559F64}"
EndProject
Project("{9A19103F-16F7-4668-BE54-9A1E7A4F7556}") = "LeapYear", "LeapYear\LeapYear.csproj", "{C6F39E14-24FE-47CB-9D9E-19585733A725}"
EndProject
Project("{9A19103F-16F7-4668-BE54-9A1E7A4F7556}") = "AreaOfTriangle", "AreaOfTriangle\AreaOfTriangle.csproj", "{EFA6D4FC-3046-4C49-A421-ACB063C02B66}"
EndProject
Project("{9A19103F-16F7-4668-BE54-9A1E7A4F7556}") = "Age", "Age\Age.csproj", "{FEB6C248-741C-432C-A6DE-ED266F7C0D27}"
EndProject
Project("{9A19103F-16F7-4668-BE54-9A1E7A4F7556}") = "QuadraticEquation", "QuadraticEquation\QuadraticEquation.csproj", "{3F73699C-7F76-4732-BD3B-DA0710D4A7D5}"
EndProject
Project("{9A19103F-16F7-4668-BE54-9A1E7A4F7556}") = "NextDate", "NextData\NextDate.csproj", "{C1B8F730-D524-45E5-AA5C-899555EE1764}"
EndProject
Project("{9A19103F-16F7-4668-BE54-9A1E7A4F7556}") = "Apartments", "Apartments\Apartments.csproj", "{24E834C5-092A-42E4-BF46-44080E6D0CCA}"
EndProject
Project("{9A19103F-16F7-4668-BE54-9A1E7A4F7556}") = "FibonacciNumbers", "FibonacciNumbers\FibonacciNumbers.csproj", "{C87AB8F5-A4AC-4533-8D92-191E44EE151E}"
EndProject
Project("{9A19103F-16F7-4668-BE54-9A1E7A4F7556}") = "DigitsOfNumber", "DigitsOfNumber\DigitsOfNumber.csproj", "{D24F2F7C-B04A-45E8-B7B6-A36CAFD9F350}"
EndProject
Project("{9A19103F-16F7-4668-BE54-9A1E7A4F7556}") = "PrimeNumbers", "PrimeNumbers\PrimeNumbers.csproj", "{3DDADE95-69BA-40EC-9475-D8798EC57B84}"
EndProject
Project("{9A19103F-16F7-4668-BE54-9A1E7A4F7556}") = "EuclideanAlgorithm", "EuclideanAlgorithm\EuclideanAlgorithm.csproj", "{0C188F7E-E2CF-4EAD-86B8-8995F2DFFF6C}"
EndProject
Project("{9A19103F-16F7-4668-BE54-9A1E7A4F7556}") = "MultiplicationTable", "MultiplicationTable\MultiplicationTable.csproj", "{00863BA5-82F5-4992-982E-ECC58C0D2141}"
EndProject
Project("{9A19103F-16F7-4668-BE54-9A1E7A4F7556}") = "Deposit", "Deposit\Deposit.csproj", "{B6AC6064-E3B5-447A-B475-E2CFE0B93F6A}"
EndProject
Project("{9A19103F-16F7-4668-BE54-9A1E7A4F7556}") = "PrintAndRead", "PrintAndRead\PrintAndRead.csproj", "{5A5EFC03-3488-4830-BDE7-DEFABE19BB25}"
EndProject
Project("{9A19103F-16F7-4668-BE54-9A1E7A4F7556}") = "Temperature", "Temperature\Temperature.csproj", "{037FF67E-A539-43D1-95AE-07663577697A}"
EndProject
Project("{9A19103F-16F7-4668-BE54-9A1E7A4F7556}") = "OrderCost", "OrderCost\OrderCost.csproj", "{A52CD2B0-26B6-4116-A52A-3B9F8E689CE6}"
EndProject
Project("{9A19103F-16F7-4668-BE54-9A1E7A4F7556}") = "Palindrome", "Palindrome\Palindrome.csproj", "{4ADAF913-70E3-4053-A80E-00A95EEBCD00}"
EndProject
Project("{9A19103F-16F7-4668-BE54-9A1E7A4F7556}") = "MaxSubstring", "MaxSubstring\MaxSubstring.csproj", "{50E72C07-E79A-41B7-B77A-ED1BDE2C5231}"
EndProject
Project("{9A19103F-16F7-4668-BE54-9A1E7A4F7556}") = "SearchMaxNum", "SearchMaxNum\SearchMaxNum.csproj", "{25DF8F05-CD32-4558-870C-B825758639E5}"
EndProject
Project("{9A19103F-16F7-4668-BE54-9A1E7A4F7556}") = "SearchElement", "SearchElement\SearchElement.csproj", "{F7BC84CC-1CE5-4738-947D-F885C550E80C}"
EndProject
Project("{9A19103F-16F7-4668-BE54-9A1E7A4F7556}") = "GuessNumber", "GuessNumber\GuessNumber.csproj", "{DFF1F32B-AF10-45A0-9117-E75319579A87}"
EndProject
Project("{9A19103F-16F7-4668-BE54-9A1E7A4F7556}") = "UpperCase", "UpperCase\UpperCase.csproj", "{D10A0B61-B4A0-4FBA-BB8D-7C6A5E60E275}"
EndProject
Project("{9A19103F-16F7-4668-BE54-9A1E7A4F7556}") = "EvenNumbersAverageArray", "EvenNumbersAverageArray\EvenNumbersAverageArray.csproj", "{44ACF5E9-9775-4613-9B67-AD34F6BEDCF2}"
EndProject
Project("{9A19103F-16F7-4668-BE54-9A1E7A4F7556}") = "ArrayReverse", "ArrayReverse\ArrayReverse.csproj", "{1F974316-433A-4AA4-85C5-0F08EECD58CC}"
EndProject
Project("{FAE04EC0-301F-11D3-BF4B-00C04F79EFBC}") = "CheckingSorting", "CheckingSorting\CheckingSorting.csproj", "{B30742E3-A543-45B8-8339-7F292DE294A1}"
EndProject
Global
	GlobalSection(SolutionConfigurationPlatforms) = preSolution
		Debug|Any CPU = Debug|Any CPU
		Release|Any CPU = Release|Any CPU
	EndGlobalSection
	GlobalSection(ProjectConfigurationPlatforms) = postSolution
		{CD5927C7-6FDC-4943-9683-F1055E0643C3}.Debug|Any CPU.ActiveCfg = Debug|Any CPU
		{CD5927C7-6FDC-4943-9683-F1055E0643C3}.Debug|Any CPU.Build.0 = Debug|Any CPU
		{CD5927C7-6FDC-4943-9683-F1055E0643C3}.Release|Any CPU.ActiveCfg = Release|Any CPU
		{CD5927C7-6FDC-4943-9683-F1055E0643C3}.Release|Any CPU.Build.0 = Release|Any CPU
		{32FC2074-F5DC-47CC-8F66-1FC72DF66DAB}.Debug|Any CPU.ActiveCfg = Debug|Any CPU
		{32FC2074-F5DC-47CC-8F66-1FC72DF66DAB}.Debug|Any CPU.Build.0 = Debug|Any CPU
		{32FC2074-F5DC-47CC-8F66-1FC72DF66DAB}.Release|Any CPU.ActiveCfg = Release|Any CPU
		{32FC2074-F5DC-47CC-8F66-1FC72DF66DAB}.Release|Any CPU.Build.0 = Release|Any CPU
		{B0F4DC2C-70C3-45B3-A7EA-DEB83A559F64}.Debug|Any CPU.ActiveCfg = Debug|Any CPU
		{B0F4DC2C-70C3-45B3-A7EA-DEB83A559F64}.Debug|Any CPU.Build.0 = Debug|Any CPU
		{B0F4DC2C-70C3-45B3-A7EA-DEB83A559F64}.Release|Any CPU.ActiveCfg = Release|Any CPU
		{B0F4DC2C-70C3-45B3-A7EA-DEB83A559F64}.Release|Any CPU.Build.0 = Release|Any CPU
		{C6F39E14-24FE-47CB-9D9E-19585733A725}.Debug|Any CPU.ActiveCfg = Debug|Any CPU
		{C6F39E14-24FE-47CB-9D9E-19585733A725}.Debug|Any CPU.Build.0 = Debug|Any CPU
		{C6F39E14-24FE-47CB-9D9E-19585733A725}.Release|Any CPU.ActiveCfg = Release|Any CPU
		{C6F39E14-24FE-47CB-9D9E-19585733A725}.Release|Any CPU.Build.0 = Release|Any CPU
		{EFA6D4FC-3046-4C49-A421-ACB063C02B66}.Debug|Any CPU.ActiveCfg = Debug|Any CPU
		{EFA6D4FC-3046-4C49-A421-ACB063C02B66}.Debug|Any CPU.Build.0 = Debug|Any CPU
		{EFA6D4FC-3046-4C49-A421-ACB063C02B66}.Release|Any CPU.ActiveCfg = Release|Any CPU
		{EFA6D4FC-3046-4C49-A421-ACB063C02B66}.Release|Any CPU.Build.0 = Release|Any CPU
		{FEB6C248-741C-432C-A6DE-ED266F7C0D27}.Debug|Any CPU.ActiveCfg = Debug|Any CPU
		{FEB6C248-741C-432C-A6DE-ED266F7C0D27}.Debug|Any CPU.Build.0 = Debug|Any CPU
		{FEB6C248-741C-432C-A6DE-ED266F7C0D27}.Release|Any CPU.ActiveCfg = Release|Any CPU
		{FEB6C248-741C-432C-A6DE-ED266F7C0D27}.Release|Any CPU.Build.0 = Release|Any CPU
		{3F73699C-7F76-4732-BD3B-DA0710D4A7D5}.Debug|Any CPU.ActiveCfg = Debug|Any CPU
		{3F73699C-7F76-4732-BD3B-DA0710D4A7D5}.Debug|Any CPU.Build.0 = Debug|Any CPU
		{3F73699C-7F76-4732-BD3B-DA0710D4A7D5}.Release|Any CPU.ActiveCfg = Release|Any CPU
		{3F73699C-7F76-4732-BD3B-DA0710D4A7D5}.Release|Any CPU.Build.0 = Release|Any CPU
		{C1B8F730-D524-45E5-AA5C-899555EE1764}.Debug|Any CPU.ActiveCfg = Debug|Any CPU
		{C1B8F730-D524-45E5-AA5C-899555EE1764}.Debug|Any CPU.Build.0 = Debug|Any CPU
		{C1B8F730-D524-45E5-AA5C-899555EE1764}.Release|Any CPU.ActiveCfg = Release|Any CPU
		{C1B8F730-D524-45E5-AA5C-899555EE1764}.Release|Any CPU.Build.0 = Release|Any CPU
		{24E834C5-092A-42E4-BF46-44080E6D0CCA}.Debug|Any CPU.ActiveCfg = Debug|Any CPU
		{24E834C5-092A-42E4-BF46-44080E6D0CCA}.Debug|Any CPU.Build.0 = Debug|Any CPU
		{24E834C5-092A-42E4-BF46-44080E6D0CCA}.Release|Any CPU.ActiveCfg = Release|Any CPU
		{24E834C5-092A-42E4-BF46-44080E6D0CCA}.Release|Any CPU.Build.0 = Release|Any CPU
		{C87AB8F5-A4AC-4533-8D92-191E44EE151E}.Debug|Any CPU.ActiveCfg = Debug|Any CPU
		{C87AB8F5-A4AC-4533-8D92-191E44EE151E}.Debug|Any CPU.Build.0 = Debug|Any CPU
		{C87AB8F5-A4AC-4533-8D92-191E44EE151E}.Release|Any CPU.ActiveCfg = Release|Any CPU
		{C87AB8F5-A4AC-4533-8D92-191E44EE151E}.Release|Any CPU.Build.0 = Release|Any CPU
		{D24F2F7C-B04A-45E8-B7B6-A36CAFD9F350}.Debug|Any CPU.ActiveCfg = Debug|Any CPU
		{D24F2F7C-B04A-45E8-B7B6-A36CAFD9F350}.Debug|Any CPU.Build.0 = Debug|Any CPU
		{D24F2F7C-B04A-45E8-B7B6-A36CAFD9F350}.Release|Any CPU.ActiveCfg = Release|Any CPU
		{D24F2F7C-B04A-45E8-B7B6-A36CAFD9F350}.Release|Any CPU.Build.0 = Release|Any CPU
		{3DDADE95-69BA-40EC-9475-D8798EC57B84}.Debug|Any CPU.ActiveCfg = Debug|Any CPU
		{3DDADE95-69BA-40EC-9475-D8798EC57B84}.Debug|Any CPU.Build.0 = Debug|Any CPU
		{3DDADE95-69BA-40EC-9475-D8798EC57B84}.Release|Any CPU.ActiveCfg = Release|Any CPU
		{3DDADE95-69BA-40EC-9475-D8798EC57B84}.Release|Any CPU.Build.0 = Release|Any CPU
		{0C188F7E-E2CF-4EAD-86B8-8995F2DFFF6C}.Debug|Any CPU.ActiveCfg = Debug|Any CPU
		{0C188F7E-E2CF-4EAD-86B8-8995F2DFFF6C}.Debug|Any CPU.Build.0 = Debug|Any CPU
		{0C188F7E-E2CF-4EAD-86B8-8995F2DFFF6C}.Release|Any CPU.ActiveCfg = Release|Any CPU
		{0C188F7E-E2CF-4EAD-86B8-8995F2DFFF6C}.Release|Any CPU.Build.0 = Release|Any CPU
		{00863BA5-82F5-4992-982E-ECC58C0D2141}.Debug|Any CPU.ActiveCfg = Debug|Any CPU
		{00863BA5-82F5-4992-982E-ECC58C0D2141}.Debug|Any CPU.Build.0 = Debug|Any CPU
		{00863BA5-82F5-4992-982E-ECC58C0D2141}.Release|Any CPU.ActiveCfg = Release|Any CPU
		{00863BA5-82F5-4992-982E-ECC58C0D2141}.Release|Any CPU.Build.0 = Release|Any CPU
		{B6AC6064-E3B5-447A-B475-E2CFE0B93F6A}.Debug|Any CPU.ActiveCfg = Debug|Any CPU
		{B6AC6064-E3B5-447A-B475-E2CFE0B93F6A}.Debug|Any CPU.Build.0 = Debug|Any CPU
		{B6AC6064-E3B5-447A-B475-E2CFE0B93F6A}.Release|Any CPU.ActiveCfg = Release|Any CPU
		{B6AC6064-E3B5-447A-B475-E2CFE0B93F6A}.Release|Any CPU.Build.0 = Release|Any CPU
		{5A5EFC03-3488-4830-BDE7-DEFABE19BB25}.Debug|Any CPU.ActiveCfg = Debug|Any CPU
		{5A5EFC03-3488-4830-BDE7-DEFABE19BB25}.Debug|Any CPU.Build.0 = Debug|Any CPU
		{5A5EFC03-3488-4830-BDE7-DEFABE19BB25}.Release|Any CPU.ActiveCfg = Release|Any CPU
		{5A5EFC03-3488-4830-BDE7-DEFABE19BB25}.Release|Any CPU.Build.0 = Release|Any CPU
		{037FF67E-A539-43D1-95AE-07663577697A}.Debug|Any CPU.ActiveCfg = Debug|Any CPU
		{037FF67E-A539-43D1-95AE-07663577697A}.Debug|Any CPU.Build.0 = Debug|Any CPU
		{037FF67E-A539-43D1-95AE-07663577697A}.Release|Any CPU.ActiveCfg = Release|Any CPU
		{037FF67E-A539-43D1-95AE-07663577697A}.Release|Any CPU.Build.0 = Release|Any CPU
		{A52CD2B0-26B6-4116-A52A-3B9F8E689CE6}.Debug|Any CPU.ActiveCfg = Debug|Any CPU
		{A52CD2B0-26B6-4116-A52A-3B9F8E689CE6}.Debug|Any CPU.Build.0 = Debug|Any CPU
		{A52CD2B0-26B6-4116-A52A-3B9F8E689CE6}.Release|Any CPU.ActiveCfg = Release|Any CPU
		{A52CD2B0-26B6-4116-A52A-3B9F8E689CE6}.Release|Any CPU.Build.0 = Release|Any CPU
		{4ADAF913-70E3-4053-A80E-00A95EEBCD00}.Debug|Any CPU.ActiveCfg = Debug|Any CPU
		{4ADAF913-70E3-4053-A80E-00A95EEBCD00}.Debug|Any CPU.Build.0 = Debug|Any CPU
		{4ADAF913-70E3-4053-A80E-00A95EEBCD00}.Release|Any CPU.ActiveCfg = Release|Any CPU
		{4ADAF913-70E3-4053-A80E-00A95EEBCD00}.Release|Any CPU.Build.0 = Release|Any CPU
		{50E72C07-E79A-41B7-B77A-ED1BDE2C5231}.Debug|Any CPU.ActiveCfg = Debug|Any CPU
		{50E72C07-E79A-41B7-B77A-ED1BDE2C5231}.Debug|Any CPU.Build.0 = Debug|Any CPU
		{50E72C07-E79A-41B7-B77A-ED1BDE2C5231}.Release|Any CPU.ActiveCfg = Release|Any CPU
		{50E72C07-E79A-41B7-B77A-ED1BDE2C5231}.Release|Any CPU.Build.0 = Release|Any CPU
		{25DF8F05-CD32-4558-870C-B825758639E5}.Debug|Any CPU.ActiveCfg = Debug|Any CPU
		{25DF8F05-CD32-4558-870C-B825758639E5}.Debug|Any CPU.Build.0 = Debug|Any CPU
		{25DF8F05-CD32-4558-870C-B825758639E5}.Release|Any CPU.ActiveCfg = Release|Any CPU
		{25DF8F05-CD32-4558-870C-B825758639E5}.Release|Any CPU.Build.0 = Release|Any CPU
		{F7BC84CC-1CE5-4738-947D-F885C550E80C}.Debug|Any CPU.ActiveCfg = Debug|Any CPU
		{F7BC84CC-1CE5-4738-947D-F885C550E80C}.Debug|Any CPU.Build.0 = Debug|Any CPU
		{F7BC84CC-1CE5-4738-947D-F885C550E80C}.Release|Any CPU.ActiveCfg = Release|Any CPU
		{F7BC84CC-1CE5-4738-947D-F885C550E80C}.Release|Any CPU.Build.0 = Release|Any CPU
		{DFF1F32B-AF10-45A0-9117-E75319579A87}.Debug|Any CPU.ActiveCfg = Debug|Any CPU
		{DFF1F32B-AF10-45A0-9117-E75319579A87}.Debug|Any CPU.Build.0 = Debug|Any CPU
		{DFF1F32B-AF10-45A0-9117-E75319579A87}.Release|Any CPU.ActiveCfg = Release|Any CPU
		{DFF1F32B-AF10-45A0-9117-E75319579A87}.Release|Any CPU.Build.0 = Release|Any CPU
		{D10A0B61-B4A0-4FBA-BB8D-7C6A5E60E275}.Debug|Any CPU.ActiveCfg = Debug|Any CPU
		{D10A0B61-B4A0-4FBA-BB8D-7C6A5E60E275}.Debug|Any CPU.Build.0 = Debug|Any CPU
		{D10A0B61-B4A0-4FBA-BB8D-7C6A5E60E275}.Release|Any CPU.ActiveCfg = Release|Any CPU
		{D10A0B61-B4A0-4FBA-BB8D-7C6A5E60E275}.Release|Any CPU.Build.0 = Release|Any CPU
		{44ACF5E9-9775-4613-9B67-AD34F6BEDCF2}.Debug|Any CPU.ActiveCfg = Debug|Any CPU
		{44ACF5E9-9775-4613-9B67-AD34F6BEDCF2}.Debug|Any CPU.Build.0 = Debug|Any CPU
		{44ACF5E9-9775-4613-9B67-AD34F6BEDCF2}.Release|Any CPU.ActiveCfg = Release|Any CPU
		{44ACF5E9-9775-4613-9B67-AD34F6BEDCF2}.Release|Any CPU.Build.0 = Release|Any CPU
		{1F974316-433A-4AA4-85C5-0F08EECD58CC}.Debug|Any CPU.ActiveCfg = Debug|Any CPU
		{1F974316-433A-4AA4-85C5-0F08EECD58CC}.Debug|Any CPU.Build.0 = Debug|Any CPU
		{1F974316-433A-4AA4-85C5-0F08EECD58CC}.Release|Any CPU.ActiveCfg = Release|Any CPU
		{1F974316-433A-4AA4-85C5-0F08EECD58CC}.Release|Any CPU.Build.0 = Release|Any CPU
		{B30742E3-A543-45B8-8339-7F292DE294A1}.Debug|Any CPU.ActiveCfg = Debug|Any CPU
		{B30742E3-A543-45B8-8339-7F292DE294A1}.Debug|Any CPU.Build.0 = Debug|Any CPU
		{B30742E3-A543-45B8-8339-7F292DE294A1}.Release|Any CPU.ActiveCfg = Release|Any CPU
		{B30742E3-A543-45B8-8339-7F292DE294A1}.Release|Any CPU.Build.0 = Release|Any CPU
	EndGlobalSection
	GlobalSection(SolutionProperties) = preSolution
		HideSolutionNode = FALSE
	EndGlobalSection
	GlobalSection(ExtensibilityGlobals) = postSolution
		SolutionGuid = {CD57B4BC-1D7B-47AD-AF57-5268AA6B69D8}
	EndGlobalSection
EndGlobal
