
Microsoft Visual Studio Solution File, Format Version 12.00
# Visual Studio Version 17
VisualStudioVersion = 17.9.34728.123
MinimumVisualStudioVersion = 10.0.40219.1
Project("{FAE04EC0-301F-11D3-BF4B-00C04F79EFBC}") = "Circles", "Circles\Circles.csproj", "{CD5927C7-6FDC-4943-9683-F1055E0643C3}"
EndProject
Project("{FAE04EC0-301F-11D3-BF4B-00C04F79EFBC}") = "HelloUser", "HelloUser\HelloUser.csproj", "{32FC2074-F5DC-47CC-8F66-1FC72DF66DAB}"
EndProject
Project("{9A19103F-16F7-4668-BE54-9A1E7A4F7556}") = "Password", "Password\Password.csproj", "{B0F4DC2C-70C3-45B3-A7EA-DEB83A559F64}"
EndProject
Project("{9A19103F-16F7-4668-BE54-9A1E7A4F7556}") = "LeapYear", "LeapYear\LeapYear.csproj", "{C6F39E14-24FE-47CB-9D9E-19585733A725}"
EndProject
Project("{FAE04EC0-301F-11D3-BF4B-00C04F79EFBC}") = "AreaOfTriangle", "AreaOfTriangle\AreaOfTriangle.csproj", "{EFA6D4FC-3046-4C49-A421-ACB063C02B66}"
EndProject
Global
	GlobalSection(SolutionConfigurationPlatforms) = preSolution
		Debug|Any CPU = Debug|Any CPU
		Release|Any CPU = Release|Any CPU
	EndGlobalSection
	GlobalSection(ProjectConfigurationPlatforms) = postSolution
		{CD5927C7-6FDC-4943-9683-F1055E0643C3}.Debug|Any CPU.ActiveCfg = Debug|Any CPU
		{CD5927C7-6FDC-4943-9683-F1055E0643C3}.Debug|Any CPU.Build.0 = Debug|Any CPU
		{CD5927C7-6FDC-4943-9683-F1055E0643C3}.Release|Any CPU.ActiveCfg = Release|Any CPU
		{CD5927C7-6FDC-4943-9683-F1055E0643C3}.Release|Any CPU.Build.0 = Release|Any CPU
		{32FC2074-F5DC-47CC-8F66-1FC72DF66DAB}.Debug|Any CPU.ActiveCfg = Debug|Any CPU
		{32FC2074-F5DC-47CC-8F66-1FC72DF66DAB}.Debug|Any CPU.Build.0 = Debug|Any CPU
		{32FC2074-F5DC-47CC-8F66-1FC72DF66DAB}.Release|Any CPU.ActiveCfg = Release|Any CPU
		{32FC2074-F5DC-47CC-8F66-1FC72DF66DAB}.Release|Any CPU.Build.0 = Release|Any CPU
		{B0F4DC2C-70C3-45B3-A7EA-DEB83A559F64}.Debug|Any CPU.ActiveCfg = Debug|Any CPU
		{B0F4DC2C-70C3-45B3-A7EA-DEB83A559F64}.Debug|Any CPU.Build.0 = Debug|Any CPU
		{B0F4DC2C-70C3-45B3-A7EA-DEB83A559F64}.Release|Any CPU.ActiveCfg = Release|Any CPU
		{B0F4DC2C-70C3-45B3-A7EA-DEB83A559F64}.Release|Any CPU.Build.0 = Release|Any CPU
		{C6F39E14-24FE-47CB-9D9E-19585733A725}.Debug|Any CPU.ActiveCfg = Debug|Any CPU
		{C6F39E14-24FE-47CB-9D9E-19585733A725}.Debug|Any CPU.Build.0 = Debug|Any CPU
		{C6F39E14-24FE-47CB-9D9E-19585733A725}.Release|Any CPU.ActiveCfg = Release|Any CPU
		{C6F39E14-24FE-47CB-9D9E-19585733A725}.Release|Any CPU.Build.0 = Release|Any CPU
		{EFA6D4FC-3046-4C49-A421-ACB063C02B66}.Debug|Any CPU.ActiveCfg = Debug|Any CPU
		{EFA6D4FC-3046-4C49-A421-ACB063C02B66}.Debug|Any CPU.Build.0 = Debug|Any CPU
		{EFA6D4FC-3046-4C49-A421-ACB063C02B66}.Release|Any CPU.ActiveCfg = Release|Any CPU
		{EFA6D4FC-3046-4C49-A421-ACB063C02B66}.Release|Any CPU.Build.0 = Release|Any CPU
	EndGlobalSection
	GlobalSection(SolutionProperties) = preSolution
		HideSolutionNode = FALSE
	EndGlobalSection
	GlobalSection(ExtensibilityGlobals) = postSolution
		SolutionGuid = {CD57B4BC-1D7B-47AD-AF57-5268AA6B69D8}
	EndGlobalSection
EndGlobal
